
Microsoft Visual Studio Solution File, Format Version 12.00
# Visual Studio 14
VisualStudioVersion = 14.0.25420.1
MinimumVisualStudioVersion = 10.0.40219.1
Project("{FAE04EC0-301F-11D3-BF4B-00C04F79EFBC}") = "Epam.Task02.Rectangle", "Epam.Task02.Rectangle\Epam.Task02.Rectangle.csproj", "{B56E1DE1-300B-4A3E-AB83-23CB00D9187C}"
EndProject
Project("{FAE04EC0-301F-11D3-BF4B-00C04F79EFBC}") = "Epam.Task2.Triangle", "Epam.Task2.Triangle\Epam.Task2.Triangle.csproj", "{2FB6C814-D8FE-41CB-9240-3E6185DBE59B}"
EndProject
Project("{FAE04EC0-301F-11D3-BF4B-00C04F79EFBC}") = "Epam.Task2.Another_Triangle", "Epam.Task2.Another_Triangle\Epam.Task2.Another_Triangle.csproj", "{DCAC8F1F-A35A-48DA-AF6F-797A60E0AE4B}"
EndProject
Project("{FAE04EC0-301F-11D3-BF4B-00C04F79EFBC}") = "Epam.Task02.XmasTree", "Epam.Task02.XmasTree\Epam.Task02.XmasTree.csproj", "{2D714482-2107-4532-85F6-A9F0FEFF649A}"
EndProject
Global
	GlobalSection(SolutionConfigurationPlatforms) = preSolution
		Debug|Any CPU = Debug|Any CPU
		Release|Any CPU = Release|Any CPU
	EndGlobalSection
	GlobalSection(ProjectConfigurationPlatforms) = postSolution
		{B56E1DE1-300B-4A3E-AB83-23CB00D9187C}.Debug|Any CPU.ActiveCfg = Debug|Any CPU
		{B56E1DE1-300B-4A3E-AB83-23CB00D9187C}.Debug|Any CPU.Build.0 = Debug|Any CPU
		{B56E1DE1-300B-4A3E-AB83-23CB00D9187C}.Release|Any CPU.ActiveCfg = Release|Any CPU
		{B56E1DE1-300B-4A3E-AB83-23CB00D9187C}.Release|Any CPU.Build.0 = Release|Any CPU
		{2FB6C814-D8FE-41CB-9240-3E6185DBE59B}.Debug|Any CPU.ActiveCfg = Debug|Any CPU
		{2FB6C814-D8FE-41CB-9240-3E6185DBE59B}.Debug|Any CPU.Build.0 = Debug|Any CPU
		{2FB6C814-D8FE-41CB-9240-3E6185DBE59B}.Release|Any CPU.ActiveCfg = Release|Any CPU
		{2FB6C814-D8FE-41CB-9240-3E6185DBE59B}.Release|Any CPU.Build.0 = Release|Any CPU
		{DCAC8F1F-A35A-48DA-AF6F-797A60E0AE4B}.Debug|Any CPU.ActiveCfg = Debug|Any CPU
		{DCAC8F1F-A35A-48DA-AF6F-797A60E0AE4B}.Debug|Any CPU.Build.0 = Debug|Any CPU
		{DCAC8F1F-A35A-48DA-AF6F-797A60E0AE4B}.Release|Any CPU.ActiveCfg = Release|Any CPU
		{DCAC8F1F-A35A-48DA-AF6F-797A60E0AE4B}.Release|Any CPU.Build.0 = Release|Any CPU
		{2D714482-2107-4532-85F6-A9F0FEFF649A}.Debug|Any CPU.ActiveCfg = Debug|Any CPU
		{2D714482-2107-4532-85F6-A9F0FEFF649A}.Debug|Any CPU.Build.0 = Debug|Any CPU
		{2D714482-2107-4532-85F6-A9F0FEFF649A}.Release|Any CPU.ActiveCfg = Release|Any CPU
		{2D714482-2107-4532-85F6-A9F0FEFF649A}.Release|Any CPU.Build.0 = Release|Any CPU
	EndGlobalSection
	GlobalSection(SolutionProperties) = preSolution
		HideSolutionNode = FALSE
	EndGlobalSection
EndGlobal
