
Microsoft Visual Studio Solution File, Format Version 12.00
# Visual Studio 15
VisualStudioVersion = 15.0.28010.2041
MinimumVisualStudioVersion = 10.0.40219.1
Project("{FAE04EC0-301F-11D3-BF4B-00C04F79EFBC}") = "Epam.Task07.txtDAL", "Epam.Task07.txtDAL\Epam.Task07.txtDAL.csproj", "{9B8A4C96-0DB0-413E-ABC7-8C7704261813}"
EndProject
Project("{2150E333-8FDC-42A3-9474-1A3956D46DE8}") = "BLL", "BLL", "{F070F545-9AAE-4939-A1BF-01F4F5415E99}"
EndProject
Project("{2150E333-8FDC-42A3-9474-1A3956D46DE8}") = "DAL", "DAL", "{90421FEC-988E-440C-A47D-53F6103445AA}"
EndProject
Project("{2150E333-8FDC-42A3-9474-1A3956D46DE8}") = "Common", "Common", "{E8C84120-086C-463A-86F7-81EDAC6B78EC}"
EndProject
Project("{2150E333-8FDC-42A3-9474-1A3956D46DE8}") = "PL", "PL", "{8872F3FA-B901-462B-9047-C627C78D10DB}"
EndProject
Project("{FAE04EC0-301F-11D3-BF4B-00C04F79EFBC}") = "Epam.Task07.Entities", "Epam.Task07.Entities\Epam.Task07.Entities.csproj", "{F6FA5544-7298-48C6-880C-A9B24E4984C5}"
EndProject
Project("{FAE04EC0-301F-11D3-BF4B-00C04F79EFBC}") = "Epam.Task07.Common", "Epam.Task07.Common\Epam.Task07.Common.csproj", "{FD7424FB-28BB-41EA-85B1-EE980180C1A3}"
EndProject
Project("{FAE04EC0-301F-11D3-BF4B-00C04F79EFBC}") = "Epam.Task07.BLL", "Epam.Task07.BLL\Epam.Task07.BLL.csproj", "{DB63D9D7-2DAA-415C-A4DA-45293C4797DE}"
EndProject
Project("{FAE04EC0-301F-11D3-BF4B-00C04F79EFBC}") = "Epam.Task07.BLL.Interfaces", "Epam.Task07.BLL.Interfaces\Epam.Task07.BLL.Interfaces.csproj", "{DB6A818C-C0FB-494C-BEA3-9EB68B04D0B3}"
EndProject
Project("{FAE04EC0-301F-11D3-BF4B-00C04F79EFBC}") = "Epam.Task07.DAL.Interfaces", "Epam.Task07.DAL.Interfaces\Epam.Task07.DAL.Interfaces.csproj", "{23000F46-D181-4413-808A-A9C203443F1D}"
EndProject
Project("{FAE04EC0-301F-11D3-BF4B-00C04F79EFBC}") = "Epam.Task07.PL.Console", "Epam.Task07.PL.Console\Epam.Task07.PL.Console.csproj", "{32B1C71C-D500-4AEB-96F9-157DF3D100BC}"
EndProject
Global
	GlobalSection(SolutionConfigurationPlatforms) = preSolution
		Debug|Any CPU = Debug|Any CPU
		Release|Any CPU = Release|Any CPU
	EndGlobalSection
	GlobalSection(ProjectConfigurationPlatforms) = postSolution
		{9B8A4C96-0DB0-413E-ABC7-8C7704261813}.Debug|Any CPU.ActiveCfg = Debug|Any CPU
		{9B8A4C96-0DB0-413E-ABC7-8C7704261813}.Debug|Any CPU.Build.0 = Debug|Any CPU
		{9B8A4C96-0DB0-413E-ABC7-8C7704261813}.Release|Any CPU.ActiveCfg = Release|Any CPU
		{9B8A4C96-0DB0-413E-ABC7-8C7704261813}.Release|Any CPU.Build.0 = Release|Any CPU
		{F6FA5544-7298-48C6-880C-A9B24E4984C5}.Debug|Any CPU.ActiveCfg = Debug|Any CPU
		{F6FA5544-7298-48C6-880C-A9B24E4984C5}.Debug|Any CPU.Build.0 = Debug|Any CPU
		{F6FA5544-7298-48C6-880C-A9B24E4984C5}.Release|Any CPU.ActiveCfg = Release|Any CPU
		{F6FA5544-7298-48C6-880C-A9B24E4984C5}.Release|Any CPU.Build.0 = Release|Any CPU
		{FD7424FB-28BB-41EA-85B1-EE980180C1A3}.Debug|Any CPU.ActiveCfg = Debug|Any CPU
		{FD7424FB-28BB-41EA-85B1-EE980180C1A3}.Debug|Any CPU.Build.0 = Debug|Any CPU
		{FD7424FB-28BB-41EA-85B1-EE980180C1A3}.Release|Any CPU.ActiveCfg = Release|Any CPU
		{FD7424FB-28BB-41EA-85B1-EE980180C1A3}.Release|Any CPU.Build.0 = Release|Any CPU
		{DB63D9D7-2DAA-415C-A4DA-45293C4797DE}.Debug|Any CPU.ActiveCfg = Debug|Any CPU
		{DB63D9D7-2DAA-415C-A4DA-45293C4797DE}.Debug|Any CPU.Build.0 = Debug|Any CPU
		{DB63D9D7-2DAA-415C-A4DA-45293C4797DE}.Release|Any CPU.ActiveCfg = Release|Any CPU
		{DB63D9D7-2DAA-415C-A4DA-45293C4797DE}.Release|Any CPU.Build.0 = Release|Any CPU
		{DB6A818C-C0FB-494C-BEA3-9EB68B04D0B3}.Debug|Any CPU.ActiveCfg = Debug|Any CPU
		{DB6A818C-C0FB-494C-BEA3-9EB68B04D0B3}.Debug|Any CPU.Build.0 = Debug|Any CPU
		{DB6A818C-C0FB-494C-BEA3-9EB68B04D0B3}.Release|Any CPU.ActiveCfg = Release|Any CPU
		{DB6A818C-C0FB-494C-BEA3-9EB68B04D0B3}.Release|Any CPU.Build.0 = Release|Any CPU
		{23000F46-D181-4413-808A-A9C203443F1D}.Debug|Any CPU.ActiveCfg = Debug|Any CPU
		{23000F46-D181-4413-808A-A9C203443F1D}.Debug|Any CPU.Build.0 = Debug|Any CPU
		{23000F46-D181-4413-808A-A9C203443F1D}.Release|Any CPU.ActiveCfg = Release|Any CPU
		{23000F46-D181-4413-808A-A9C203443F1D}.Release|Any CPU.Build.0 = Release|Any CPU
		{32B1C71C-D500-4AEB-96F9-157DF3D100BC}.Debug|Any CPU.ActiveCfg = Debug|Any CPU
		{32B1C71C-D500-4AEB-96F9-157DF3D100BC}.Debug|Any CPU.Build.0 = Debug|Any CPU
		{32B1C71C-D500-4AEB-96F9-157DF3D100BC}.Release|Any CPU.ActiveCfg = Release|Any CPU
		{32B1C71C-D500-4AEB-96F9-157DF3D100BC}.Release|Any CPU.Build.0 = Release|Any CPU
	EndGlobalSection
	GlobalSection(SolutionProperties) = preSolution
		HideSolutionNode = FALSE
	EndGlobalSection
	GlobalSection(NestedProjects) = preSolution
		{9B8A4C96-0DB0-413E-ABC7-8C7704261813} = {90421FEC-988E-440C-A47D-53F6103445AA}
		{F6FA5544-7298-48C6-880C-A9B24E4984C5} = {E8C84120-086C-463A-86F7-81EDAC6B78EC}
		{FD7424FB-28BB-41EA-85B1-EE980180C1A3} = {E8C84120-086C-463A-86F7-81EDAC6B78EC}
		{DB63D9D7-2DAA-415C-A4DA-45293C4797DE} = {F070F545-9AAE-4939-A1BF-01F4F5415E99}
		{DB6A818C-C0FB-494C-BEA3-9EB68B04D0B3} = {F070F545-9AAE-4939-A1BF-01F4F5415E99}
		{23000F46-D181-4413-808A-A9C203443F1D} = {90421FEC-988E-440C-A47D-53F6103445AA}
		{32B1C71C-D500-4AEB-96F9-157DF3D100BC} = {8872F3FA-B901-462B-9047-C627C78D10DB}
	EndGlobalSection
	GlobalSection(ExtensibilityGlobals) = postSolution
		SolutionGuid = {6D2B76D7-DE6F-4C85-80E8-F7F4EFCAB53B}
	EndGlobalSection
EndGlobal
